
Microsoft Visual Studio Solution File, Format Version 12.00
# Visual Studio 15
VisualStudioVersion = 15.0.27130.2027
MinimumVisualStudioVersion = 10.0.40219.1
Project("{FAE04EC0-301F-11D3-BF4B-00C04F79EFBC}") = "xlsxGenerator", "xlsxGenerator\xlsxGenerator.csproj", "{18673828-296C-4A05-A887-AD8243886FE5}"
EndProject
Global
	GlobalSection(SolutionConfigurationPlatforms) = preSolution
		Debug|Any CPU = Debug|Any CPU
		Release|Any CPU = Release|Any CPU
	EndGlobalSection
	GlobalSection(ProjectConfigurationPlatforms) = postSolution
		{18673828-296C-4A05-A887-AD8243886FE5}.Debug|Any CPU.ActiveCfg = Debug|Any CPU
		{18673828-296C-4A05-A887-AD8243886FE5}.Debug|Any CPU.Build.0 = Debug|Any CPU
		{18673828-296C-4A05-A887-AD8243886FE5}.Release|Any CPU.ActiveCfg = Release|Any CPU
		{18673828-296C-4A05-A887-AD8243886FE5}.Release|Any CPU.Build.0 = Release|Any CPU
	EndGlobalSection
	GlobalSection(SolutionProperties) = preSolution
		HideSolutionNode = FALSE
	EndGlobalSection
	GlobalSection(ExtensibilityGlobals) = postSolution
		SolutionGuid = {76EDA498-00C3-4D6D-9E43-717B29216496}
	EndGlobalSection
EndGlobal
